
Microsoft Visual Studio Solution File, Format Version 12.00
# Visual Studio Version 17
VisualStudioVersion = 17.4.33122.133
MinimumVisualStudioVersion = 10.0.40219.1
Project("{9A19103F-16F7-4668-BE54-9A1E7A4F7556}") = "OOP_Nedir", "OOP_Nedir\OOP_Nedir.csproj", "{B5471CB9-B360-4678-BC7E-AB700A741BA5}"
EndProject
Project("{9A19103F-16F7-4668-BE54-9A1E7A4F7556}") = "OOP_Nedir_2_Constructor", "OOP_Nedir_2_Constructor\OOP_Nedir_2_Constructor.csproj", "{A76ED3B9-FE0C-4A9A-9E96-5753329CD25E}"
EndProject
Project("{9A19103F-16F7-4668-BE54-9A1E7A4F7556}") = "OOP_Nedir_3_Encapsulation", "OOP_Nedir_3_Encapsulation\OOP_Nedir_3_Encapsulation.csproj", "{38D0F4AD-E8B6-4F54-8636-E3B8E31E83BF}"
EndProject
Project("{9A19103F-16F7-4668-BE54-9A1E7A4F7556}") = "OOP_Nedir_3_Encapsulation_Project", "OOP_Nedir_3_Encapsulation_Project\OOP_Nedir_3_Encapsulation_Project.csproj", "{49BC0064-C0CB-4F12-A434-F213F58295FD}"
EndProject
Project("{9A19103F-16F7-4668-BE54-9A1E7A4F7556}") = "StaticNedir_1", "StaticNedir_1\StaticNedir_1.csproj", "{D4FDDF2C-6362-4EE8-9C12-A678455C171E}"
EndProject
Project("{9A19103F-16F7-4668-BE54-9A1E7A4F7556}") = "StaticNedir_2", "StaticNedir_2\StaticNedir_2.csproj", "{6A6528F2-5607-4CCD-B520-67A4F7434500}"
EndProject
Project("{9A19103F-16F7-4668-BE54-9A1E7A4F7556}") = "StaticNedir_3Project", "StaticNedir_4Project\StaticNedir_3Project.csproj", "{F2800D61-499A-4EA5-93D5-7E4BF48060BC}"
EndProject
Project("{9A19103F-16F7-4668-BE54-9A1E7A4F7556}") = "InnerType", "InnerType\InnerType.csproj", "{3F8206DF-0006-405E-BF2A-692B25C0AFBD}"
EndProject
Project("{9A19103F-16F7-4668-BE54-9A1E7A4F7556}") = "Kalitim_1", "Kalitim_1\Kalitim_1.csproj", "{A7A12C75-1528-485A-A0CF-4B45717ED60D}"
EndProject
Project("{9A19103F-16F7-4668-BE54-9A1E7A4F7556}") = "Kalitim2", "Kalitim2\Kalitim2.csproj", "{9D4C5813-4E1E-4F44-BD61-6F0F2B9FB849}"
EndProject
Project("{9A19103F-16F7-4668-BE54-9A1E7A4F7556}") = "VirtualMethods", "VirtualMethods\VirtualMethods.csproj", "{CEB0FD6A-2837-41EB-8A48-7107EB7A3EE9}"
EndProject
Project("{9A19103F-16F7-4668-BE54-9A1E7A4F7556}") = "Abstract", "Interface_Abstract\Abstract.csproj", "{E0436AAA-9A7C-4CD7-B400-2A972C400959}"
EndProject
Project("{9A19103F-16F7-4668-BE54-9A1E7A4F7556}") = "Kalitim3", "Kalitim3\Kalitim3.csproj", "{0089515A-8F86-4ACB-958F-E30286C757E5}"
EndProject
Project("{9A19103F-16F7-4668-BE54-9A1E7A4F7556}") = "Generics", "Generics\Generics.csproj", "{383BC860-7F8F-43AC-8BD6-6FAFB3D78A8E}"
EndProject
Project("{9A19103F-16F7-4668-BE54-9A1E7A4F7556}") = "Interface", "Interface\Interface.csproj", "{FE501349-95D7-445B-841E-FEE078097927}"
EndProject
Project("{9A19103F-16F7-4668-BE54-9A1E7A4F7556}") = "OOP_PartialClass", "OOP_PartialClass\OOP_PartialClass.csproj", "{59BC29D0-79AE-4BFB-B4BD-1BFEB6C7FA92}"
EndProject
Project("{9A19103F-16F7-4668-BE54-9A1E7A4F7556}") = "Enum's", "Enum's\Enum's.csproj", "{091D295A-C49E-4ADA-95C5-58D7CF8A84A3}"
EndProject
Project("{FAE04EC0-301F-11D3-BF4B-00C04F79EFBC}") = "GenericClass", "GenericClass\GenericClass.csproj", "{4F8CAF00-8017-45E8-B57A-E5187C8EAC63}"
EndProject
Global
	GlobalSection(SolutionConfigurationPlatforms) = preSolution
		Debug|Any CPU = Debug|Any CPU
		Release|Any CPU = Release|Any CPU
	EndGlobalSection
	GlobalSection(ProjectConfigurationPlatforms) = postSolution
		{B5471CB9-B360-4678-BC7E-AB700A741BA5}.Debug|Any CPU.ActiveCfg = Debug|Any CPU
		{B5471CB9-B360-4678-BC7E-AB700A741BA5}.Debug|Any CPU.Build.0 = Debug|Any CPU
		{B5471CB9-B360-4678-BC7E-AB700A741BA5}.Release|Any CPU.ActiveCfg = Release|Any CPU
		{B5471CB9-B360-4678-BC7E-AB700A741BA5}.Release|Any CPU.Build.0 = Release|Any CPU
		{A76ED3B9-FE0C-4A9A-9E96-5753329CD25E}.Debug|Any CPU.ActiveCfg = Debug|Any CPU
		{A76ED3B9-FE0C-4A9A-9E96-5753329CD25E}.Debug|Any CPU.Build.0 = Debug|Any CPU
		{A76ED3B9-FE0C-4A9A-9E96-5753329CD25E}.Release|Any CPU.ActiveCfg = Release|Any CPU
		{A76ED3B9-FE0C-4A9A-9E96-5753329CD25E}.Release|Any CPU.Build.0 = Release|Any CPU
		{38D0F4AD-E8B6-4F54-8636-E3B8E31E83BF}.Debug|Any CPU.ActiveCfg = Debug|Any CPU
		{38D0F4AD-E8B6-4F54-8636-E3B8E31E83BF}.Debug|Any CPU.Build.0 = Debug|Any CPU
		{38D0F4AD-E8B6-4F54-8636-E3B8E31E83BF}.Release|Any CPU.ActiveCfg = Release|Any CPU
		{38D0F4AD-E8B6-4F54-8636-E3B8E31E83BF}.Release|Any CPU.Build.0 = Release|Any CPU
		{49BC0064-C0CB-4F12-A434-F213F58295FD}.Debug|Any CPU.ActiveCfg = Debug|Any CPU
		{49BC0064-C0CB-4F12-A434-F213F58295FD}.Debug|Any CPU.Build.0 = Debug|Any CPU
		{49BC0064-C0CB-4F12-A434-F213F58295FD}.Release|Any CPU.ActiveCfg = Release|Any CPU
		{49BC0064-C0CB-4F12-A434-F213F58295FD}.Release|Any CPU.Build.0 = Release|Any CPU
		{D4FDDF2C-6362-4EE8-9C12-A678455C171E}.Debug|Any CPU.ActiveCfg = Debug|Any CPU
		{D4FDDF2C-6362-4EE8-9C12-A678455C171E}.Debug|Any CPU.Build.0 = Debug|Any CPU
		{D4FDDF2C-6362-4EE8-9C12-A678455C171E}.Release|Any CPU.ActiveCfg = Release|Any CPU
		{D4FDDF2C-6362-4EE8-9C12-A678455C171E}.Release|Any CPU.Build.0 = Release|Any CPU
		{6A6528F2-5607-4CCD-B520-67A4F7434500}.Debug|Any CPU.ActiveCfg = Debug|Any CPU
		{6A6528F2-5607-4CCD-B520-67A4F7434500}.Debug|Any CPU.Build.0 = Debug|Any CPU
		{6A6528F2-5607-4CCD-B520-67A4F7434500}.Release|Any CPU.ActiveCfg = Release|Any CPU
		{6A6528F2-5607-4CCD-B520-67A4F7434500}.Release|Any CPU.Build.0 = Release|Any CPU
		{F2800D61-499A-4EA5-93D5-7E4BF48060BC}.Debug|Any CPU.ActiveCfg = Debug|Any CPU
		{F2800D61-499A-4EA5-93D5-7E4BF48060BC}.Debug|Any CPU.Build.0 = Debug|Any CPU
		{F2800D61-499A-4EA5-93D5-7E4BF48060BC}.Release|Any CPU.ActiveCfg = Release|Any CPU
		{F2800D61-499A-4EA5-93D5-7E4BF48060BC}.Release|Any CPU.Build.0 = Release|Any CPU
		{3F8206DF-0006-405E-BF2A-692B25C0AFBD}.Debug|Any CPU.ActiveCfg = Debug|Any CPU
		{3F8206DF-0006-405E-BF2A-692B25C0AFBD}.Debug|Any CPU.Build.0 = Debug|Any CPU
		{3F8206DF-0006-405E-BF2A-692B25C0AFBD}.Release|Any CPU.ActiveCfg = Release|Any CPU
		{3F8206DF-0006-405E-BF2A-692B25C0AFBD}.Release|Any CPU.Build.0 = Release|Any CPU
		{A7A12C75-1528-485A-A0CF-4B45717ED60D}.Debug|Any CPU.ActiveCfg = Debug|Any CPU
		{A7A12C75-1528-485A-A0CF-4B45717ED60D}.Debug|Any CPU.Build.0 = Debug|Any CPU
		{A7A12C75-1528-485A-A0CF-4B45717ED60D}.Release|Any CPU.ActiveCfg = Release|Any CPU
		{A7A12C75-1528-485A-A0CF-4B45717ED60D}.Release|Any CPU.Build.0 = Release|Any CPU
		{9D4C5813-4E1E-4F44-BD61-6F0F2B9FB849}.Debug|Any CPU.ActiveCfg = Debug|Any CPU
		{9D4C5813-4E1E-4F44-BD61-6F0F2B9FB849}.Debug|Any CPU.Build.0 = Debug|Any CPU
		{9D4C5813-4E1E-4F44-BD61-6F0F2B9FB849}.Release|Any CPU.ActiveCfg = Release|Any CPU
		{9D4C5813-4E1E-4F44-BD61-6F0F2B9FB849}.Release|Any CPU.Build.0 = Release|Any CPU
		{CEB0FD6A-2837-41EB-8A48-7107EB7A3EE9}.Debug|Any CPU.ActiveCfg = Debug|Any CPU
		{CEB0FD6A-2837-41EB-8A48-7107EB7A3EE9}.Debug|Any CPU.Build.0 = Debug|Any CPU
		{CEB0FD6A-2837-41EB-8A48-7107EB7A3EE9}.Release|Any CPU.ActiveCfg = Release|Any CPU
		{CEB0FD6A-2837-41EB-8A48-7107EB7A3EE9}.Release|Any CPU.Build.0 = Release|Any CPU
		{E0436AAA-9A7C-4CD7-B400-2A972C400959}.Debug|Any CPU.ActiveCfg = Debug|Any CPU
		{E0436AAA-9A7C-4CD7-B400-2A972C400959}.Debug|Any CPU.Build.0 = Debug|Any CPU
		{E0436AAA-9A7C-4CD7-B400-2A972C400959}.Release|Any CPU.ActiveCfg = Release|Any CPU
		{E0436AAA-9A7C-4CD7-B400-2A972C400959}.Release|Any CPU.Build.0 = Release|Any CPU
		{0089515A-8F86-4ACB-958F-E30286C757E5}.Debug|Any CPU.ActiveCfg = Debug|Any CPU
		{0089515A-8F86-4ACB-958F-E30286C757E5}.Debug|Any CPU.Build.0 = Debug|Any CPU
		{0089515A-8F86-4ACB-958F-E30286C757E5}.Release|Any CPU.ActiveCfg = Release|Any CPU
		{0089515A-8F86-4ACB-958F-E30286C757E5}.Release|Any CPU.Build.0 = Release|Any CPU
		{383BC860-7F8F-43AC-8BD6-6FAFB3D78A8E}.Debug|Any CPU.ActiveCfg = Debug|Any CPU
		{383BC860-7F8F-43AC-8BD6-6FAFB3D78A8E}.Debug|Any CPU.Build.0 = Debug|Any CPU
		{383BC860-7F8F-43AC-8BD6-6FAFB3D78A8E}.Release|Any CPU.ActiveCfg = Release|Any CPU
		{383BC860-7F8F-43AC-8BD6-6FAFB3D78A8E}.Release|Any CPU.Build.0 = Release|Any CPU
		{FE501349-95D7-445B-841E-FEE078097927}.Debug|Any CPU.ActiveCfg = Debug|Any CPU
		{FE501349-95D7-445B-841E-FEE078097927}.Debug|Any CPU.Build.0 = Debug|Any CPU
		{FE501349-95D7-445B-841E-FEE078097927}.Release|Any CPU.ActiveCfg = Release|Any CPU
		{FE501349-95D7-445B-841E-FEE078097927}.Release|Any CPU.Build.0 = Release|Any CPU
		{59BC29D0-79AE-4BFB-B4BD-1BFEB6C7FA92}.Debug|Any CPU.ActiveCfg = Debug|Any CPU
		{59BC29D0-79AE-4BFB-B4BD-1BFEB6C7FA92}.Debug|Any CPU.Build.0 = Debug|Any CPU
		{59BC29D0-79AE-4BFB-B4BD-1BFEB6C7FA92}.Release|Any CPU.ActiveCfg = Release|Any CPU
		{59BC29D0-79AE-4BFB-B4BD-1BFEB6C7FA92}.Release|Any CPU.Build.0 = Release|Any CPU
		{091D295A-C49E-4ADA-95C5-58D7CF8A84A3}.Debug|Any CPU.ActiveCfg = Debug|Any CPU
		{091D295A-C49E-4ADA-95C5-58D7CF8A84A3}.Debug|Any CPU.Build.0 = Debug|Any CPU
		{091D295A-C49E-4ADA-95C5-58D7CF8A84A3}.Release|Any CPU.ActiveCfg = Release|Any CPU
		{091D295A-C49E-4ADA-95C5-58D7CF8A84A3}.Release|Any CPU.Build.0 = Release|Any CPU
		{4F8CAF00-8017-45E8-B57A-E5187C8EAC63}.Debug|Any CPU.ActiveCfg = Debug|Any CPU
		{4F8CAF00-8017-45E8-B57A-E5187C8EAC63}.Debug|Any CPU.Build.0 = Debug|Any CPU
		{4F8CAF00-8017-45E8-B57A-E5187C8EAC63}.Release|Any CPU.ActiveCfg = Release|Any CPU
		{4F8CAF00-8017-45E8-B57A-E5187C8EAC63}.Release|Any CPU.Build.0 = Release|Any CPU
	EndGlobalSection
	GlobalSection(SolutionProperties) = preSolution
		HideSolutionNode = FALSE
	EndGlobalSection
	GlobalSection(ExtensibilityGlobals) = postSolution
		SolutionGuid = {4A5A561B-DB6E-4B37-ADDC-FD9455A4A245}
	EndGlobalSection
EndGlobal
